
Microsoft Visual Studio Solution File, Format Version 12.00
# Visual Studio 15
VisualStudioVersion = 15.0.27130.2010
MinimumVisualStudioVersion = 10.0.40219.1
Project("{FAE04EC0-301F-11D3-BF4B-00C04F79EFBC}") = "cs go Crash", "cs go Crash\cs go Crash.csproj", "{5CE8B146-DEBE-436F-B3F2-013035AD5FBE}"
EndProject
Global
	GlobalSection(SolutionConfigurationPlatforms) = preSolution
		Debug|Any CPU = Debug|Any CPU
		Release|Any CPU = Release|Any CPU
	EndGlobalSection
	GlobalSection(ProjectConfigurationPlatforms) = postSolution
		{5CE8B146-DEBE-436F-B3F2-013035AD5FBE}.Debug|Any CPU.ActiveCfg = Debug|Any CPU
		{5CE8B146-DEBE-436F-B3F2-013035AD5FBE}.Debug|Any CPU.Build.0 = Debug|Any CPU
		{5CE8B146-DEBE-436F-B3F2-013035AD5FBE}.Release|Any CPU.ActiveCfg = Release|Any CPU
		{5CE8B146-DEBE-436F-B3F2-013035AD5FBE}.Release|Any CPU.Build.0 = Release|Any CPU
	EndGlobalSection
	GlobalSection(SolutionProperties) = preSolution
		HideSolutionNode = FALSE
	EndGlobalSection
	GlobalSection(ExtensibilityGlobals) = postSolution
		SolutionGuid = {718F1E4C-006B-49F5-9559-53E570FA9389}
	EndGlobalSection
EndGlobal
